
Microsoft Visual Studio Solution File, Format Version 12.00
# Visual Studio Version 17
VisualStudioVersion = 17.0.31903.59
MinimumVisualStudioVersion = 10.0.40219.1
Project("{FAE04EC0-301F-11D3-BF4B-00C04F79EFBC}") = "Wallet", "Wallet\Wallet.csproj", "{28EB20C2-EC1F-41D2-9A6D-94CF36EAD1EF}"
EndProject
Project("{2150E333-8FDC-42A3-9474-1A3956D46DE8}") = "Solution Items", "Solution Items", "{A9906BBE-A505-48E8-8533-BEFA3D3CECF5}"
	ProjectSection(SolutionItems) = preProject
		compose.yaml = compose.yaml
	EndProjectSection
EndProject
Global
	GlobalSection(SolutionConfigurationPlatforms) = preSolution
		Debug|Any CPU = Debug|Any CPU
		Release|Any CPU = Release|Any CPU
	EndGlobalSection
	GlobalSection(SolutionProperties) = preSolution
		HideSolutionNode = FALSE
	EndGlobalSection
	GlobalSection(ProjectConfigurationPlatforms) = postSolution
		{28EB20C2-EC1F-41D2-9A6D-94CF36EAD1EF}.Debug|Any CPU.ActiveCfg = Debug|Any CPU
		{28EB20C2-EC1F-41D2-9A6D-94CF36EAD1EF}.Debug|Any CPU.Build.0 = Debug|Any CPU
		{28EB20C2-EC1F-41D2-9A6D-94CF36EAD1EF}.Release|Any CPU.ActiveCfg = Release|Any CPU
		{28EB20C2-EC1F-41D2-9A6D-94CF36EAD1EF}.Release|Any CPU.Build.0 = Release|Any CPU
	EndGlobalSection
EndGlobal
